
Microsoft Visual Studio Solution File, Format Version 12.00
# Visual Studio Version 17
VisualStudioVersion = 17.9.34701.34
MinimumVisualStudioVersion = 10.0.40219.1
Project("{9A19103F-16F7-4668-BE54-9A1E7A4F7556}") = "UploadFiles", "UploadFiles.csproj", "{48A2DB0C-4FAB-4369-8255-E762675D8D77}"
EndProject
Global
	GlobalSection(SolutionConfigurationPlatforms) = preSolution
		Debug|Any CPU = Debug|Any CPU
		Release|Any CPU = Release|Any CPU
	EndGlobalSection
	GlobalSection(ProjectConfigurationPlatforms) = postSolution
		{48A2DB0C-4FAB-4369-8255-E762675D8D77}.Debug|Any CPU.ActiveCfg = Debug|Any CPU
		{48A2DB0C-4FAB-4369-8255-E762675D8D77}.Debug|Any CPU.Build.0 = Debug|Any CPU
		{48A2DB0C-4FAB-4369-8255-E762675D8D77}.Release|Any CPU.ActiveCfg = Release|Any CPU
		{48A2DB0C-4FAB-4369-8255-E762675D8D77}.Release|Any CPU.Build.0 = Release|Any CPU
	EndGlobalSection
	GlobalSection(SolutionProperties) = preSolution
		HideSolutionNode = FALSE
	EndGlobalSection
	GlobalSection(ExtensibilityGlobals) = postSolution
		SolutionGuid = {CFDDD863-86BE-4172-8D42-9DC7280493E6}
	EndGlobalSection
EndGlobal
